
Microsoft Visual Studio Solution File, Format Version 12.00
# Visual Studio Version 17
VisualStudioVersion = 17.4.33205.214
MinimumVisualStudioVersion = 10.0.40219.1
Project("{9A19103F-16F7-4668-BE54-9A1E7A4F7556}") = "DataAccess", "DataAccess\DataAccess.csproj", "{17251A93-BB5A-4887-8AA7-66CA5598A6BD}"
EndProject
Project("{9A19103F-16F7-4668-BE54-9A1E7A4F7556}") = "Business", "Business\Business.csproj", "{0A054DB1-1696-4140-817C-42F133D576F7}"
EndProject
Project("{9A19103F-16F7-4668-BE54-9A1E7A4F7556}") = "Entities", "Entities\Entities.csproj", "{22D6ADD7-4C4D-4035-A23D-5691CE3231D1}"
EndProject
Project("{9A19103F-16F7-4668-BE54-9A1E7A4F7556}") = "ConsoleUI", "ConsoleUI\ConsoleUI.csproj", "{6FEB1C06-020B-4522-8569-D25EA7E35DDF}"
EndProject
Project("{9A19103F-16F7-4668-BE54-9A1E7A4F7556}") = "Core", "Core\Core.csproj", "{9563091A-AD4C-4EAC-A1CF-73866702ED48}"
EndProject
Project("{FAE04EC0-301F-11D3-BF4B-00C04F79EFBC}") = "WebAPI", "WebAPI\WebAPI.csproj", "{18ACE7C3-9D1A-4C71-AA92-0C3945E8CA26}"
EndProject
Global
	GlobalSection(SolutionConfigurationPlatforms) = preSolution
		Debug|Any CPU = Debug|Any CPU
		Release|Any CPU = Release|Any CPU
	EndGlobalSection
	GlobalSection(ProjectConfigurationPlatforms) = postSolution
		{17251A93-BB5A-4887-8AA7-66CA5598A6BD}.Debug|Any CPU.ActiveCfg = Debug|Any CPU
		{17251A93-BB5A-4887-8AA7-66CA5598A6BD}.Debug|Any CPU.Build.0 = Debug|Any CPU
		{17251A93-BB5A-4887-8AA7-66CA5598A6BD}.Release|Any CPU.ActiveCfg = Release|Any CPU
		{17251A93-BB5A-4887-8AA7-66CA5598A6BD}.Release|Any CPU.Build.0 = Release|Any CPU
		{0A054DB1-1696-4140-817C-42F133D576F7}.Debug|Any CPU.ActiveCfg = Debug|Any CPU
		{0A054DB1-1696-4140-817C-42F133D576F7}.Debug|Any CPU.Build.0 = Debug|Any CPU
		{0A054DB1-1696-4140-817C-42F133D576F7}.Release|Any CPU.ActiveCfg = Release|Any CPU
		{0A054DB1-1696-4140-817C-42F133D576F7}.Release|Any CPU.Build.0 = Release|Any CPU
		{22D6ADD7-4C4D-4035-A23D-5691CE3231D1}.Debug|Any CPU.ActiveCfg = Debug|Any CPU
		{22D6ADD7-4C4D-4035-A23D-5691CE3231D1}.Debug|Any CPU.Build.0 = Debug|Any CPU
		{22D6ADD7-4C4D-4035-A23D-5691CE3231D1}.Release|Any CPU.ActiveCfg = Release|Any CPU
		{22D6ADD7-4C4D-4035-A23D-5691CE3231D1}.Release|Any CPU.Build.0 = Release|Any CPU
		{6FEB1C06-020B-4522-8569-D25EA7E35DDF}.Debug|Any CPU.ActiveCfg = Debug|Any CPU
		{6FEB1C06-020B-4522-8569-D25EA7E35DDF}.Debug|Any CPU.Build.0 = Debug|Any CPU
		{6FEB1C06-020B-4522-8569-D25EA7E35DDF}.Release|Any CPU.ActiveCfg = Release|Any CPU
		{6FEB1C06-020B-4522-8569-D25EA7E35DDF}.Release|Any CPU.Build.0 = Release|Any CPU
		{9563091A-AD4C-4EAC-A1CF-73866702ED48}.Debug|Any CPU.ActiveCfg = Debug|Any CPU
		{9563091A-AD4C-4EAC-A1CF-73866702ED48}.Debug|Any CPU.Build.0 = Debug|Any CPU
		{9563091A-AD4C-4EAC-A1CF-73866702ED48}.Release|Any CPU.ActiveCfg = Release|Any CPU
		{9563091A-AD4C-4EAC-A1CF-73866702ED48}.Release|Any CPU.Build.0 = Release|Any CPU
		{18ACE7C3-9D1A-4C71-AA92-0C3945E8CA26}.Debug|Any CPU.ActiveCfg = Debug|Any CPU
		{18ACE7C3-9D1A-4C71-AA92-0C3945E8CA26}.Debug|Any CPU.Build.0 = Debug|Any CPU
		{18ACE7C3-9D1A-4C71-AA92-0C3945E8CA26}.Release|Any CPU.ActiveCfg = Release|Any CPU
		{18ACE7C3-9D1A-4C71-AA92-0C3945E8CA26}.Release|Any CPU.Build.0 = Release|Any CPU
	EndGlobalSection
	GlobalSection(SolutionProperties) = preSolution
		HideSolutionNode = FALSE
	EndGlobalSection
	GlobalSection(ExtensibilityGlobals) = postSolution
		SolutionGuid = {CD3D0F64-22A7-4777-94AA-D35232E94D96}
	EndGlobalSection
EndGlobal
